# Prisma Migrate lockfile v1

20200807180544-first-mig
20200809093405-added-newsletter
20200809110909-added-admin-field
20200821215159-added-appreciations
20200822180522-added-banned
20200822233301-updated-banned
20200822233443-updated-banned
20200822234503-updated-banned
20200825211250-added-messages
20200826184214-created-user-follows
20200826193753-updated-user-follows
20200826200415-removed-apreciations-table-and-controllers
20200831205958-added-terms-firld
20200831213329-created-job-entity
20200911215842-removed-newsletter